
Microsoft Visual Studio Solution File, Format Version 12.00
# Visual Studio Version 16
VisualStudioVersion = 16.0.30804.86
MinimumVisualStudioVersion = 10.0.40219.1
Project("{9A19103F-16F7-4668-BE54-9A1E7A4F7556}") = "UnitTestLaab1", "UnitTestLaab1\UnitTestLaab1.csproj", "{1FCDFCB1-8B78-411C-85AC-8DF2A172963A}"
EndProject
Project("{9A19103F-16F7-4668-BE54-9A1E7A4F7556}") = "Models", "Models\Models.csproj", "{45059ACD-9E1E-4739-9543-E974307CD8D8}"
EndProject
Project("{9A19103F-16F7-4668-BE54-9A1E7A4F7556}") = "Repository", "Repository\Repository.csproj", "{BBC07CB3-DC25-4F48-B3B7-D96EA192A3D1}"
EndProject
Project("{FAE04EC0-301F-11D3-BF4B-00C04F79EFBC}") = "Testing", "Testing\Testing.csproj", "{6574ECEB-4D02-4DA3-9886-FB8A5A7200A5}"
EndProject
Global
	GlobalSection(SolutionConfigurationPlatforms) = preSolution
		Debug|Any CPU = Debug|Any CPU
		Release|Any CPU = Release|Any CPU
	EndGlobalSection
	GlobalSection(ProjectConfigurationPlatforms) = postSolution
		{1FCDFCB1-8B78-411C-85AC-8DF2A172963A}.Debug|Any CPU.ActiveCfg = Debug|Any CPU
		{1FCDFCB1-8B78-411C-85AC-8DF2A172963A}.Debug|Any CPU.Build.0 = Debug|Any CPU
		{1FCDFCB1-8B78-411C-85AC-8DF2A172963A}.Release|Any CPU.ActiveCfg = Release|Any CPU
		{1FCDFCB1-8B78-411C-85AC-8DF2A172963A}.Release|Any CPU.Build.0 = Release|Any CPU
		{45059ACD-9E1E-4739-9543-E974307CD8D8}.Debug|Any CPU.ActiveCfg = Debug|Any CPU
		{45059ACD-9E1E-4739-9543-E974307CD8D8}.Debug|Any CPU.Build.0 = Debug|Any CPU
		{45059ACD-9E1E-4739-9543-E974307CD8D8}.Release|Any CPU.ActiveCfg = Release|Any CPU
		{45059ACD-9E1E-4739-9543-E974307CD8D8}.Release|Any CPU.Build.0 = Release|Any CPU
		{BBC07CB3-DC25-4F48-B3B7-D96EA192A3D1}.Debug|Any CPU.ActiveCfg = Debug|Any CPU
		{BBC07CB3-DC25-4F48-B3B7-D96EA192A3D1}.Debug|Any CPU.Build.0 = Debug|Any CPU
		{BBC07CB3-DC25-4F48-B3B7-D96EA192A3D1}.Release|Any CPU.ActiveCfg = Release|Any CPU
		{BBC07CB3-DC25-4F48-B3B7-D96EA192A3D1}.Release|Any CPU.Build.0 = Release|Any CPU
		{6574ECEB-4D02-4DA3-9886-FB8A5A7200A5}.Debug|Any CPU.ActiveCfg = Debug|Any CPU
		{6574ECEB-4D02-4DA3-9886-FB8A5A7200A5}.Debug|Any CPU.Build.0 = Debug|Any CPU
		{6574ECEB-4D02-4DA3-9886-FB8A5A7200A5}.Release|Any CPU.ActiveCfg = Release|Any CPU
		{6574ECEB-4D02-4DA3-9886-FB8A5A7200A5}.Release|Any CPU.Build.0 = Release|Any CPU
	EndGlobalSection
	GlobalSection(SolutionProperties) = preSolution
		HideSolutionNode = FALSE
	EndGlobalSection
	GlobalSection(ExtensibilityGlobals) = postSolution
		SolutionGuid = {6F95CD23-8C4E-4B1C-BC58-D775295E52E6}
	EndGlobalSection
EndGlobal
